
Microsoft Visual Studio Solution File, Format Version 12.00
# Visual Studio Version 17
VisualStudioVersion = 17.13.35919.96
MinimumVisualStudioVersion = 10.0.40219.1
Project("{2150E333-8FDC-42A3-9474-1A3956D46DE8}") = "1. Presentaciones", "1. Presentaciones", "{02EA681E-C7D8-13C7-8484-4AC65E1B71E8}"
EndProject
Project("{2150E333-8FDC-42A3-9474-1A3956D46DE8}") = "2. Servicios", "2. Servicios", "{F9FBC977-2A6A-488A-957C-DAC4F8C4464E}"
EndProject
Project("{2150E333-8FDC-42A3-9474-1A3956D46DE8}") = "3. Nucleo", "3. Nucleo", "{670F22EC-80C5-48B0-A9AF-25D478F972DF}"
EndProject
Project("{2150E333-8FDC-42A3-9474-1A3956D46DE8}") = "4. Pruebas unitarias", "4. Pruebas unitarias", "{D67928AA-47E0-44DA-B113-426DF3B91E93}"
EndProject
Project("{9A19103F-16F7-4668-BE54-9A1E7A4F7556}") = "lib_repositorios", "lb_repositorios\lib_repositorios.csproj", "{BAE4B5DF-E368-4803-B4C1-DBC5FD6DA0FE}"
EndProject
Project("{9A19103F-16F7-4668-BE54-9A1E7A4F7556}") = "lib_dominio", "lib_dominio\lib_dominio.csproj", "{3CAA9AD1-D4B7-4989-AEA9-CE015DC588FD}"
EndProject
Project("{9A19103F-16F7-4668-BE54-9A1E7A4F7556}") = "ut_presentacion", "ut_presentacion\ut_presentacion.csproj", "{1534661D-282F-45B1-AA95-20C1BA4D4804}"
EndProject
Project("{2150E333-8FDC-42A3-9474-1A3956D46DE8}") = "Solution Items", "Solution Items", "{8EC462FD-D22E-90A8-E5CE-7E832BA40C5D}"
	ProjectSection(SolutionItems) = preProject
		PostmanCommands.md = PostmanCommands.md
		secretos.json = secretos.json
	EndProjectSection
EndProject
Project("{FAE04EC0-301F-11D3-BF4B-00C04F79EFBC}") = "lib_aplicaciones", "lib_aplicaciones\lib_aplicaciones.csproj", "{951187A5-6A43-46CE-89E3-19AFC08C218E}"
EndProject
Project("{FAE04EC0-301F-11D3-BF4B-00C04F79EFBC}") = "asp_servicios", "asp_servicios\asp_servicios.csproj", "{BFB868C7-08A0-4E13-81A3-2C89B1630937}"
EndProject
Project("{FAE04EC0-301F-11D3-BF4B-00C04F79EFBC}") = "lib_presentaciones", "lib_presentaciones\lib_presentaciones.csproj", "{345402DF-7A4E-45DE-AE8A-91972269809E}"
EndProject
Project("{FAE04EC0-301F-11D3-BF4B-00C04F79EFBC}") = "asp_presentacion", "asp_presentacion\asp_presentacion.csproj", "{268F3AC7-C069-4748-913C-61F3C83CE09C}"
EndProject
Global
	GlobalSection(SolutionConfigurationPlatforms) = preSolution
		Debug|Any CPU = Debug|Any CPU
		Release|Any CPU = Release|Any CPU
	EndGlobalSection
	GlobalSection(ProjectConfigurationPlatforms) = postSolution
		{BAE4B5DF-E368-4803-B4C1-DBC5FD6DA0FE}.Debug|Any CPU.ActiveCfg = Debug|Any CPU
		{BAE4B5DF-E368-4803-B4C1-DBC5FD6DA0FE}.Debug|Any CPU.Build.0 = Debug|Any CPU
		{BAE4B5DF-E368-4803-B4C1-DBC5FD6DA0FE}.Release|Any CPU.ActiveCfg = Release|Any CPU
		{BAE4B5DF-E368-4803-B4C1-DBC5FD6DA0FE}.Release|Any CPU.Build.0 = Release|Any CPU
		{3CAA9AD1-D4B7-4989-AEA9-CE015DC588FD}.Debug|Any CPU.ActiveCfg = Debug|Any CPU
		{3CAA9AD1-D4B7-4989-AEA9-CE015DC588FD}.Debug|Any CPU.Build.0 = Debug|Any CPU
		{3CAA9AD1-D4B7-4989-AEA9-CE015DC588FD}.Release|Any CPU.ActiveCfg = Release|Any CPU
		{3CAA9AD1-D4B7-4989-AEA9-CE015DC588FD}.Release|Any CPU.Build.0 = Release|Any CPU
		{1534661D-282F-45B1-AA95-20C1BA4D4804}.Debug|Any CPU.ActiveCfg = Debug|Any CPU
		{1534661D-282F-45B1-AA95-20C1BA4D4804}.Debug|Any CPU.Build.0 = Debug|Any CPU
		{1534661D-282F-45B1-AA95-20C1BA4D4804}.Release|Any CPU.ActiveCfg = Release|Any CPU
		{1534661D-282F-45B1-AA95-20C1BA4D4804}.Release|Any CPU.Build.0 = Release|Any CPU
		{951187A5-6A43-46CE-89E3-19AFC08C218E}.Debug|Any CPU.ActiveCfg = Debug|Any CPU
		{951187A5-6A43-46CE-89E3-19AFC08C218E}.Debug|Any CPU.Build.0 = Debug|Any CPU
		{951187A5-6A43-46CE-89E3-19AFC08C218E}.Release|Any CPU.ActiveCfg = Release|Any CPU
		{951187A5-6A43-46CE-89E3-19AFC08C218E}.Release|Any CPU.Build.0 = Release|Any CPU
		{BFB868C7-08A0-4E13-81A3-2C89B1630937}.Debug|Any CPU.ActiveCfg = Debug|Any CPU
		{BFB868C7-08A0-4E13-81A3-2C89B1630937}.Debug|Any CPU.Build.0 = Debug|Any CPU
		{BFB868C7-08A0-4E13-81A3-2C89B1630937}.Release|Any CPU.ActiveCfg = Release|Any CPU
		{BFB868C7-08A0-4E13-81A3-2C89B1630937}.Release|Any CPU.Build.0 = Release|Any CPU
		{345402DF-7A4E-45DE-AE8A-91972269809E}.Debug|Any CPU.ActiveCfg = Debug|Any CPU
		{345402DF-7A4E-45DE-AE8A-91972269809E}.Debug|Any CPU.Build.0 = Debug|Any CPU
		{345402DF-7A4E-45DE-AE8A-91972269809E}.Release|Any CPU.ActiveCfg = Release|Any CPU
		{345402DF-7A4E-45DE-AE8A-91972269809E}.Release|Any CPU.Build.0 = Release|Any CPU
		{268F3AC7-C069-4748-913C-61F3C83CE09C}.Debug|Any CPU.ActiveCfg = Debug|Any CPU
		{268F3AC7-C069-4748-913C-61F3C83CE09C}.Debug|Any CPU.Build.0 = Debug|Any CPU
		{268F3AC7-C069-4748-913C-61F3C83CE09C}.Release|Any CPU.ActiveCfg = Release|Any CPU
		{268F3AC7-C069-4748-913C-61F3C83CE09C}.Release|Any CPU.Build.0 = Release|Any CPU
	EndGlobalSection
	GlobalSection(SolutionProperties) = preSolution
		HideSolutionNode = FALSE
	EndGlobalSection
	GlobalSection(NestedProjects) = preSolution
		{BAE4B5DF-E368-4803-B4C1-DBC5FD6DA0FE} = {F9FBC977-2A6A-488A-957C-DAC4F8C4464E}
		{3CAA9AD1-D4B7-4989-AEA9-CE015DC588FD} = {670F22EC-80C5-48B0-A9AF-25D478F972DF}
		{1534661D-282F-45B1-AA95-20C1BA4D4804} = {D67928AA-47E0-44DA-B113-426DF3B91E93}
		{951187A5-6A43-46CE-89E3-19AFC08C218E} = {F9FBC977-2A6A-488A-957C-DAC4F8C4464E}
		{BFB868C7-08A0-4E13-81A3-2C89B1630937} = {F9FBC977-2A6A-488A-957C-DAC4F8C4464E}
		{345402DF-7A4E-45DE-AE8A-91972269809E} = {02EA681E-C7D8-13C7-8484-4AC65E1B71E8}
		{268F3AC7-C069-4748-913C-61F3C83CE09C} = {02EA681E-C7D8-13C7-8484-4AC65E1B71E8}
	EndGlobalSection
	GlobalSection(ExtensibilityGlobals) = postSolution
		SolutionGuid = {6F412FA4-9646-4A06-A977-12873CFCA4B0}
	EndGlobalSection
EndGlobal
